{
  "name": "ImgTextDetect",
  "lockfileVersion": 2,
  "requires": true,
  "packages": {
    "": {
      "dependencies": {
        "fs": "^0.0.1-security",
        "node-tesseract-ocr": "^2.2.1"
      }
    },
    "node_modules/fs": {
      "version": "0.0.1-security",
      "resolved": "https://registry.npmjs.org/fs/-/fs-0.0.1-security.tgz",
      "integrity": "sha512-3XY9e1pP0CVEUCdj5BmfIZxRBTSDycnbqhIOGec9QYtmVH2fbLpj86CFWkrNOkt/Fvty4KZG5lTglL9j/gJ87w=="
    },
    "node_modules/node-tesseract-ocr": {
      "version": "2.2.1",
      "resolved": "https://registry.npmjs.org/node-tesseract-ocr/-/node-tesseract-ocr-2.2.1.tgz",
      "integrity": "sha512-Q9cD79JGpPNQBxbi1fV+OAsTxYKLpx22sagsxSyKbu1u+t6UarApf5m32uVc8a5QAP1Wk7fIPN0aJFGGEE9DyQ==",
      "engines": {
        "node": ">=10"
      }
    }
  },
  "dependencies": {
    "fs": {
      "version": "0.0.1-security",
      "resolved": "https://registry.npmjs.org/fs/-/fs-0.0.1-security.tgz",
      "integrity": "sha512-3XY9e1pP0CVEUCdj5BmfIZxRBTSDycnbqhIOGec9QYtmVH2fbLpj86CFWkrNOkt/Fvty4KZG5lTglL9j/gJ87w=="
    },
    "node-tesseract-ocr": {
      "version": "2.2.1",
      "resolved": "https://registry.npmjs.org/node-tesseract-ocr/-/node-tesseract-ocr-2.2.1.tgz",
      "integrity": "sha512-Q9cD79JGpPNQBxbi1fV+OAsTxYKLpx22sagsxSyKbu1u+t6UarApf5m32uVc8a5QAP1Wk7fIPN0aJFGGEE9DyQ=="
    }
  }
}
